// !$*UTF8*$!
{
	archiveVersion = 1;
	classes = {
	};
	objectVersion = 50;
	objects = {

/* Begin PBXBuildFile section */
		A94F2CFF23C3175400232E3B /* PokemonDetailView.swift in Sources */ = {isa = PBXBuildFile; fileRef = A94F2CFE23C3175400232E3B /* PokemonDetailView.swift */; };
		A94F2D0123C31AA100232E3B /* PokemonImageView.swift in Sources */ = {isa = PBXBuildFile; fileRef = A94F2D0023C31AA100232E3B /* PokemonImageView.swift */; };
		A94F2D0323C31B6300232E3B /* PokemonStatsView.swift in Sources */ = {isa = PBXBuildFile; fileRef = A94F2D0223C31B6300232E3B /* PokemonStatsView.swift */; };
		A95159F723C19C5F002E2195 /* AppDelegate.swift in Sources */ = {isa = PBXBuildFile; fileRef = A95159F623C19C5F002E2195 /* AppDelegate.swift */; };
		A95159F923C19C5F002E2195 /* SceneDelegate.swift in Sources */ = {isa = PBXBuildFile; fileRef = A95159F823C19C5F002E2195 /* SceneDelegate.swift */; };
		A95159FB23C19C5F002E2195 /* ContentView.swift in Sources */ = {isa = PBXBuildFile; fileRef = A95159FA23C19C5F002E2195 /* ContentView.swift */; };
		A95159FD23C19C62002E2195 /* Assets.xcassets in Resources */ = {isa = PBXBuildFile; fileRef = A95159FC23C19C62002E2195 /* Assets.xcassets */; };
		A9515A0023C19C62002E2195 /* Preview Assets.xcassets in Resources */ = {isa = PBXBuildFile; fileRef = A95159FF23C19C62002E2195 /* Preview Assets.xcassets */; };
		A9515A0323C19C62002E2195 /* LaunchScreen.storyboard in Resources */ = {isa = PBXBuildFile; fileRef = A9515A0123C19C62002E2195 /* LaunchScreen.storyboard */; };
		A9515A0E23C19C62002E2195 /* _1_BasicTests.swift in Sources */ = {isa = PBXBuildFile; fileRef = A9515A0D23C19C62002E2195 /* _1_BasicTests.swift */; };
		A9515A1923C19C63002E2195 /* _1_BasicUITests.swift in Sources */ = {isa = PBXBuildFile; fileRef = A9515A1823C19C63002E2195 /* _1_BasicUITests.swift */; };
/* End PBXBuildFile section */

/* Begin PBXContainerItemProxy section */
		A9515A0A23C19C62002E2195 /* PBXContainerItemProxy */ = {
			isa = PBXContainerItemProxy;
			containerPortal = A95159EB23C19C5F002E2195 /* Project object */;
			proxyType = 1;
			remoteGlobalIDString = A95159F223C19C5F002E2195;
			remoteInfo = 01_Basic;
		};
		A9515A1523C19C63002E2195 /* PBXContainerItemProxy */ = {
			isa = PBXContainerItemProxy;
			containerPortal = A95159EB23C19C5F002E2195 /* Project object */;
			proxyType = 1;
			remoteGlobalIDString = A95159F223C19C5F002E2195;
			remoteInfo = 01_Basic;
		};
/* End PBXContainerItemProxy section */

/* Begin PBXFileReference section */
		A94F2CFE23C3175400232E3B /* PokemonDetailView.swift */ = {isa = PBXFileReference; lastKnownFileType = sourcecode.swift; path = PokemonDetailView.swift; sourceTree = "<group>"; };
		A94F2D0023C31AA100232E3B /* PokemonImageView.swift */ = {isa = PBXFileReference; lastKnownFileType = sourcecode.swift; path = PokemonImageView.swift; sourceTree = "<group>"; };
		A94F2D0223C31B6300232E3B /* PokemonStatsView.swift */ = {isa = PBXFileReference; lastKnownFileType = sourcecode.swift; path = PokemonStatsView.swift; sourceTree = "<group>"; };
		A95159F323C19C5F002E2195 /* 01_Basic.app */ = {isa = PBXFileReference; explicitFileType = wrapper.application; includeInIndex = 0; path = 01_Basic.app; sourceTree = BUILT_PRODUCTS_DIR; };
		A95159F623C19C5F002E2195 /* AppDelegate.swift */ = {isa = PBXFileReference; lastKnownFileType = sourcecode.swift; path = AppDelegate.swift; sourceTree = "<group>"; };
		A95159F823C19C5F002E2195 /* SceneDelegate.swift */ = {isa = PBXFileReference; lastKnownFileType = sourcecode.swift; path = SceneDelegate.swift; sourceTree = "<group>"; };
		A95159FA23C19C5F002E2195 /* ContentView.swift */ = {isa = PBXFileReference; lastKnownFileType = sourcecode.swift; path = ContentView.swift; sourceTree = "<group>"; };
		A95159FC23C19C62002E2195 /* Assets.xcassets */ = {isa = PBXFileReference; lastKnownFileType = folder.assetcatalog; path = Assets.xcassets; sourceTree = "<group>"; };
		A95159FF23C19C62002E2195 /* Preview Assets.xcassets */ = {isa = PBXFileReference; lastKnownFileType = folder.assetcatalog; path = "Preview Assets.xcassets"; sourceTree = "<group>"; };
		A9515A0223C19C62002E2195 /* Base */ = {isa = PBXFileReference; lastKnownFileType = file.storyboard; name = Base; path = Base.lproj/LaunchScreen.storyboard; sourceTree = "<group>"; };
		A9515A0423C19C62002E2195 /* Info.plist */ = {isa = PBXFileReference; lastKnownFileType = text.plist.xml; path = Info.plist; sourceTree = "<group>"; };
		A9515A0923C19C62002E2195 /* 01_BasicTests.xctest */ = {isa = PBXFileReference; explicitFileType = wrapper.cfbundle; includeInIndex = 0; path = 01_BasicTests.xctest; sourceTree = BUILT_PRODUCTS_DIR; };
		A9515A0D23C19C62002E2195 /* _1_BasicTests.swift */ = {isa = PBXFileReference; lastKnownFileType = sourcecode.swift; path = _1_BasicTests.swift; sourceTree = "<group>"; };
		A9515A0F23C19C62002E2195 /* Info.plist */ = {isa = PBXFileReference; lastKnownFileType = text.plist.xml; path = Info.plist; sourceTree = "<group>"; };
		A9515A1423C19C63002E2195 /* 01_BasicUITests.xctest */ = {isa = PBXFileReference; explicitFileType = wrapper.cfbundle; includeInIndex = 0; path = 01_BasicUITests.xctest; sourceTree = BUILT_PRODUCTS_DIR; };
		A9515A1823C19C63002E2195 /* _1_BasicUITests.swift */ = {isa = PBXFileReference; lastKnownFileType = sourcecode.swift; path = _1_BasicUITests.swift; sourceTree = "<group>"; };
		A9515A1A23C19C63002E2195 /* Info.plist */ = {isa = PBXFileReference; lastKnownFileType = text.plist.xml; path = Info.plist; sourceTree = "<group>"; };
/* End PBXFileReference section */

/* Begin PBXFrameworksBuildPhase section */
		A95159F023C19C5F002E2195 /* Frameworks */ = {
			isa = PBXFrameworksBuildPhase;
			buildActionMask = 2147483647;
			files = (
			);
			runOnlyForDeploymentPostprocessing = 0;
		};
		A9515A0623C19C62002E2195 /* Frameworks */ = {
			isa = PBXFrameworksBuildPhase;
			buildActionMask = 2147483647;
			files = (
			);
			runOnlyForDeploymentPostprocessing = 0;
		};
		A9515A1123C19C62002E2195 /* Frameworks */ = {
			isa = PBXFrameworksBuildPhase;
			buildActionMask = 2147483647;
			files = (
			);
			runOnlyForDeploymentPostprocessing = 0;
		};
/* End PBXFrameworksBuildPhase section */

/* Begin PBXGroup section */
		A95159EA23C19C5F002E2195 = {
			isa = PBXGroup;
			children = (
				A95159F523C19C5F002E2195 /* 01_Basic */,
				A9515A0C23C19C62002E2195 /* 01_BasicTests */,
				A9515A1723C19C63002E2195 /* 01_BasicUITests */,
				A95159F423C19C5F002E2195 /* Products */,
			);
			sourceTree = "<group>";
		};
		A95159F423C19C5F002E2195 /* Products */ = {
			isa = PBXGroup;
			children = (
				A95159F323C19C5F002E2195 /* 01_Basic.app */,
				A9515A0923C19C62002E2195 /* 01_BasicTests.xctest */,
				A9515A1423C19C63002E2195 /* 01_BasicUITests.xctest */,
			);
			name = Products;
			sourceTree = "<group>";
		};
		A95159F523C19C5F002E2195 /* 01_Basic */ = {
			isa = PBXGroup;
			children = (
				A94F2D0223C31B6300232E3B /* PokemonStatsView.swift */,
				A94F2D0023C31AA100232E3B /* PokemonImageView.swift */,
				A94F2CFE23C3175400232E3B /* PokemonDetailView.swift */,
				A95159F623C19C5F002E2195 /* AppDelegate.swift */,
				A95159F823C19C5F002E2195 /* SceneDelegate.swift */,
				A95159FA23C19C5F002E2195 /* ContentView.swift */,
				A95159FC23C19C62002E2195 /* Assets.xcassets */,
				A9515A0123C19C62002E2195 /* LaunchScreen.storyboard */,
				A9515A0423C19C62002E2195 /* Info.plist */,
				A95159FE23C19C62002E2195 /* Preview Content */,
			);
			path = 01_Basic;
			sourceTree = "<group>";
		};
		A95159FE23C19C62002E2195 /* Preview Content */ = {
			isa = PBXGroup;
			children = (
				A95159FF23C19C62002E2195 /* Preview Assets.xcassets */,
			);
			path = "Preview Content";
			sourceTree = "<group>";
		};
		A9515A0C23C19C62002E2195 /* 01_BasicTests */ = {
			isa = PBXGroup;
			children = (
				A9515A0D23C19C62002E2195 /* _1_BasicTests.swift */,
				A9515A0F23C19C62002E2195 /* Info.plist */,
			);
			path = 01_BasicTests;
			sourceTree = "<group>";
		};
		A9515A1723C19C63002E2195 /* 01_BasicUITests */ = {
			isa = PBXGroup;
			children = (
				A9515A1823C19C63002E2195 /* _1_BasicUITests.swift */,
				A9515A1A23C19C63002E2195 /* Info.plist */,
			);
			path = 01_BasicUITests;
			sourceTree = "<group>";
		};
/* End PBXGroup section */

/* Begin PBXNativeTarget section */
		A95159F223C19C5F002E2195 /* 01_Basic */ = {
			isa = PBXNativeTarget;
			buildConfigurationList = A9515A1D23C19C63002E2195 /* Build configuration list for PBXNativeTarget "01_Basic" */;
			buildPhases = (
				A95159EF23C19C5F002E2195 /* Sources */,
				A95159F023C19C5F002E2195 /* Frameworks */,
				A95159F123C19C5F002E2195 /* Resources */,
			);
			buildRules = (
			);
			dependencies = (
			);
			name = 01_Basic;
			productName = 01_Basic;
			productReference = A95159F323C19C5F002E2195 /* 01_Basic.app */;
			productType = "com.apple.product-type.application";
		};
		A9515A0823C19C62002E2195 /* 01_BasicTests */ = {
			isa = PBXNativeTarget;
			buildConfigurationList = A9515A2023C19C63002E2195 /* Build configuration list for PBXNativeTarget "01_BasicTests" */;
			buildPhases = (
				A9515A0523C19C62002E2195 /* Sources */,
				A9515A0623C19C62002E2195 /* Frameworks */,
				A9515A0723C19C62002E2195 /* Resources */,
			);
			buildRules = (
			);
			dependencies = (
				A9515A0B23C19C62002E2195 /* PBXTargetDependency */,
			);
			name = 01_BasicTests;
			productName = 01_BasicTests;
			productReference = A9515A0923C19C62002E2195 /* 01_BasicTests.xctest */;
			productType = "com.apple.product-type.bundle.unit-test";
		};
		A9515A1323C19C62002E2195 /* 01_BasicUITests */ = {
			isa = PBXNativeTarget;
			buildConfigurationList = A9515A2323C19C63002E2195 /* Build configuration list for PBXNativeTarget "01_BasicUITests" */;
			buildPhases = (
				A9515A1023C19C62002E2195 /* Sources */,
				A9515A1123C19C62002E2195 /* Frameworks */,
				A9515A1223C19C62002E2195 /* Resources */,
			);
			buildRules = (
			);
			dependencies = (
				A9515A1623C19C63002E2195 /* PBXTargetDependency */,
			);
			name = 01_BasicUITests;
			productName = 01_BasicUITests;
			productReference = A9515A1423C19C63002E2195 /* 01_BasicUITests.xctest */;
			productType = "com.apple.product-type.bundle.ui-testing";
		};
/* End PBXNativeTarget section */

/* Begin PBXProject section */
		A95159EB23C19C5F002E2195 /* Project object */ = {
			isa = PBXProject;
			attributes = {
				LastSwiftUpdateCheck = 1110;
				LastUpgradeCheck = 1110;
				ORGANIZATIONNAME = "Hoang Ngoc Toan";
				TargetAttributes = {
					A95159F223C19C5F002E2195 = {
						CreatedOnToolsVersion = 11.1;
					};
					A9515A0823C19C62002E2195 = {
						CreatedOnToolsVersion = 11.1;
						TestTargetID = A95159F223C19C5F002E2195;
					};
					A9515A1323C19C62002E2195 = {
						CreatedOnToolsVersion = 11.1;
						TestTargetID = A95159F223C19C5F002E2195;
					};
				};
			};
			buildConfigurationList = A95159EE23C19C5F002E2195 /* Build configuration list for PBXProject "01_Basic" */;
			compatibilityVersion = "Xcode 9.3";
			developmentRegion = en;
			hasScannedForEncodings = 0;
			knownRegions = (
				en,
				Base,
			);
			mainGroup = A95159EA23C19C5F002E2195;
			productRefGroup = A95159F423C19C5F002E2195 /* Products */;
			projectDirPath = "";
			projectRoot = "";
			targets = (
				A95159F223C19C5F002E2195 /* 01_Basic */,
				A9515A0823C19C62002E2195 /* 01_BasicTests */,
				A9515A1323C19C62002E2195 /* 01_BasicUITests */,
			);
		};
/* End PBXProject section */

/* Begin PBXResourcesBuildPhase section */
		A95159F123C19C5F002E2195 /* Resources */ = {
			isa = PBXResourcesBuildPhase;
			buildActionMask = 2147483647;
			files = (
				A9515A0323C19C62002E2195 /* LaunchScreen.storyboard in Resources */,
				A9515A0023C19C62002E2195 /* Preview Assets.xcassets in Resources */,
				A95159FD23C19C62002E2195 /* Assets.xcassets in Resources */,
			);
			runOnlyForDeploymentPostprocessing = 0;
		};
		A9515A0723C19C62002E2195 /* Resources */ = {
			isa = PBXResourcesBuildPhase;
			buildActionMask = 2147483647;
			files = (
			);
			runOnlyForDeploymentPostprocessing = 0;
		};
		A9515A1223C19C62002E2195 /* Resources */ = {
			isa = PBXResourcesBuildPhase;
			buildActionMask = 2147483647;
			files = (
			);
			runOnlyForDeploymentPostprocessing = 0;
		};
/* End PBXResourcesBuildPhase section */

/* Begin PBXSourcesBuildPhase section */
		A95159EF23C19C5F002E2195 /* Sources */ = {
			isa = PBXSourcesBuildPhase;
			buildActionMask = 2147483647;
			files = (
				A95159F723C19C5F002E2195 /* AppDelegate.swift in Sources */,
				A94F2D0323C31B6300232E3B /* PokemonStatsView.swift in Sources */,
				A94F2D0123C31AA100232E3B /* PokemonImageView.swift in Sources */,
				A95159F923C19C5F002E2195 /* SceneDelegate.swift in Sources */,
				A94F2CFF23C3175400232E3B /* PokemonDetailView.swift in Sources */,
				A95159FB23C19C5F002E2195 /* ContentView.swift in Sources */,
			);
			runOnlyForDeploymentPostprocessing = 0;
		};
		A9515A0523C19C62002E2195 /* Sources */ = {
			isa = PBXSourcesBuildPhase;
			buildActionMask = 2147483647;
			files = (
				A9515A0E23C19C62002E2195 /* _1_BasicTests.swift in Sources */,
			);
			runOnlyForDeploymentPostprocessing = 0;
		};
		A9515A1023C19C62002E2195 /* Sources */ = {
			isa = PBXSourcesBuildPhase;
			buildActionMask = 2147483647;
			files = (
				A9515A1923C19C63002E2195 /* _1_BasicUITests.swift in Sources */,
			);
			runOnlyForDeploymentPostprocessing = 0;
		};
/* End PBXSourcesBuildPhase section */

/* Begin PBXTargetDependency section */
		A9515A0B23C19C62002E2195 /* PBXTargetDependency */ = {
			isa = PBXTargetDependency;
			target = A95159F223C19C5F002E2195 /* 01_Basic */;
			targetProxy = A9515A0A23C19C62002E2195 /* PBXContainerItemProxy */;
		};
		A9515A1623C19C63002E2195 /* PBXTargetDependency */ = {
			isa = PBXTargetDependency;
			target = A95159F223C19C5F002E2195 /* 01_Basic */;
			targetProxy = A9515A1523C19C63002E2195 /* PBXContainerItemProxy */;
		};
/* End PBXTargetDependency section */

/* Begin PBXVariantGroup section */
		A9515A0123C19C62002E2195 /* LaunchScreen.storyboard */ = {
			isa = PBXVariantGroup;
			children = (
				A9515A0223C19C62002E2195 /* Base */,
			);
			name = LaunchScreen.storyboard;
			sourceTree = "<group>";
		};
/* End PBXVariantGroup section */

/* Begin XCBuildConfiguration section */
		A9515A1B23C19C63002E2195 /* Debug */ = {
			isa = XCBuildConfiguration;
			buildSettings = {
				ALWAYS_SEARCH_USER_PATHS = NO;
				CLANG_ANALYZER_NONNULL = YES;
				CLANG_ANALYZER_NUMBER_OBJECT_CONVERSION = YES_AGGRESSIVE;
				CLANG_CXX_LANGUAGE_STANDARD = "gnu++14";
				CLANG_CXX_LIBRARY = "libc++";
				CLANG_ENABLE_MODULES = YES;
				CLANG_ENABLE_OBJC_ARC = YES;
				CLANG_ENABLE_OBJC_WEAK = YES;
				CLANG_WARN_BLOCK_CAPTURE_AUTORELEASING = YES;
				CLANG_WARN_BOOL_CONVERSION = YES;
				CLANG_WARN_COMMA = YES;
				CLANG_WARN_CONSTANT_CONVERSION = YES;
				CLANG_WARN_DEPRECATED_OBJC_IMPLEMENTATIONS = YES;
				CLANG_WARN_DIRECT_OBJC_ISA_USAGE = YES_ERROR;
				CLANG_WARN_DOCUMENTATION_COMMENTS = YES;
				CLANG_WARN_EMPTY_BODY = YES;
				CLANG_WARN_ENUM_CONVERSION = YES;
				CLANG_WARN_INFINITE_RECURSION = YES;
				CLANG_WARN_INT_CONVERSION = YES;
				CLANG_WARN_NON_LITERAL_NULL_CONVERSION = YES;
				CLANG_WARN_OBJC_IMPLICIT_RETAIN_SELF = YES;
				CLANG_WARN_OBJC_LITERAL_CONVERSION = YES;
				CLANG_WARN_OBJC_ROOT_CLASS = YES_ERROR;
				CLANG_WARN_RANGE_LOOP_ANALYSIS = YES;
				CLANG_WARN_STRICT_PROTOTYPES = YES;
				CLANG_WARN_SUSPICIOUS_MOVE = YES;
				CLANG_WARN_UNGUARDED_AVAILABILITY = YES_AGGRESSIVE;
				CLANG_WARN_UNREACHABLE_CODE = YES;
				CLANG_WARN__DUPLICATE_METHOD_MATCH = YES;
				COPY_PHASE_STRIP = NO;
				DEBUG_INFORMATION_FORMAT = dwarf;
				ENABLE_STRICT_OBJC_MSGSEND = YES;
				ENABLE_TESTABILITY = YES;
				GCC_C_LANGUAGE_STANDARD = gnu11;
				GCC_DYNAMIC_NO_PIC = NO;
				GCC_NO_COMMON_BLOCKS = YES;
				GCC_OPTIMIZATION_LEVEL = 0;
				GCC_PREPROCESSOR_DEFINITIONS = (
					"DEBUG=1",
					"$(inherited)",
				);
				GCC_WARN_64_TO_32_BIT_CONVERSION = YES;
				GCC_WARN_ABOUT_RETURN_TYPE = YES_ERROR;
				GCC_WARN_UNDECLARED_SELECTOR = YES;
				GCC_WARN_UNINITIALIZED_AUTOS = YES_AGGRESSIVE;
				GCC_WARN_UNUSED_FUNCTION = YES;
				GCC_WARN_UNUSED_VARIABLE = YES;
				IPHONEOS_DEPLOYMENT_TARGET = 13.1;
				MTL_ENABLE_DEBUG_INFO = INCLUDE_SOURCE;
				MTL_FAST_MATH = YES;
				ONLY_ACTIVE_ARCH = YES;
				SDKROOT = iphoneos;
				SWIFT_ACTIVE_COMPILATION_CONDITIONS = DEBUG;
				SWIFT_OPTIMIZATION_LEVEL = "-Onone";
			};
			name = Debug;
		};
		A9515A1C23C19C63002E2195 /* Release */ = {
			isa = XCBuildConfiguration;
			buildSettings = {
				ALWAYS_SEARCH_USER_PATHS = NO;
				CLANG_ANALYZER_NONNULL = YES;
				CLANG_ANALYZER_NUMBER_OBJECT_CONVERSION = YES_AGGRESSIVE;
				CLANG_CXX_LANGUAGE_STANDARD = "gnu++14";
				CLANG_CXX_LIBRARY = "libc++";
				CLANG_ENABLE_MODULES = YES;
				CLANG_ENABLE_OBJC_ARC = YES;
				CLANG_ENABLE_OBJC_WEAK = YES;
				CLANG_WARN_BLOCK_CAPTURE_AUTORELEASING = YES;
				CLANG_WARN_BOOL_CONVERSION = YES;
				CLANG_WARN_COMMA = YES;
				CLANG_WARN_CONSTANT_CONVERSION = YES;
				CLANG_WARN_DEPRECATED_OBJC_IMPLEMENTATIONS = YES;
				CLANG_WARN_DIRECT_OBJC_ISA_USAGE = YES_ERROR;
				CLANG_WARN_DOCUMENTATION_COMMENTS = YES;
				CLANG_WARN_EMPTY_BODY = YES;
				CLANG_WARN_ENUM_CONVERSION = YES;
				CLANG_WARN_INFINITE_RECURSION = YES;
				CLANG_WARN_INT_CONVERSION = YES;
				CLANG_WARN_NON_LITERAL_NULL_CONVERSION = YES;
				CLANG_WARN_OBJC_IMPLICIT_RETAIN_SELF = YES;
				CLANG_WARN_OBJC_LITERAL_CONVERSION = YES;
				CLANG_WARN_OBJC_ROOT_CLASS = YES_ERROR;
				CLANG_WARN_RANGE_LOOP_ANALYSIS = YES;
				CLANG_WARN_STRICT_PROTOTYPES = YES;
				CLANG_WARN_SUSPICIOUS_MOVE = YES;
				CLANG_WARN_UNGUARDED_AVAILABILITY = YES_AGGRESSIVE;
				CLANG_WARN_UNREACHABLE_CODE = YES;
				CLANG_WARN__DUPLICATE_METHOD_MATCH = YES;
				COPY_PHASE_STRIP = NO;
				DEBUG_INFORMATION_FORMAT = "dwarf-with-dsym";
				ENABLE_NS_ASSERTIONS = NO;
				ENABLE_STRICT_OBJC_MSGSEND = YES;
				GCC_C_LANGUAGE_STANDARD = gnu11;
				GCC_NO_COMMON_BLOCKS = YES;
				GCC_WARN_64_TO_32_BIT_CONVERSION = YES;
				GCC_WARN_ABOUT_RETURN_TYPE = YES_ERROR;
				GCC_WARN_UNDECLARED_SELECTOR = YES;
				GCC_WARN_UNINITIALIZED_AUTOS = YES_AGGRESSIVE;
				GCC_WARN_UNUSED_FUNCTION = YES;
				GCC_WARN_UNUSED_VARIABLE = YES;
				IPHONEOS_DEPLOYMENT_TARGET = 13.1;
				MTL_ENABLE_DEBUG_INFO = NO;
				MTL_FAST_MATH = YES;
				SDKROOT = iphoneos;
				SWIFT_COMPILATION_MODE = wholemodule;
				SWIFT_OPTIMIZATION_LEVEL = "-O";
				VALIDATE_PRODUCT = YES;
			};
			name = Release;
		};
		A9515A1E23C19C63002E2195 /* Debug */ = {
			isa = XCBuildConfiguration;
			buildSettings = {
				ASSETCATALOG_COMPILER_APPICON_NAME = AppIcon;
				CODE_SIGN_STYLE = Automatic;
				DEVELOPMENT_ASSET_PATHS = "\"01_Basic/Preview Content\"";
				ENABLE_PREVIEWS = YES;
				INFOPLIST_FILE = 01_Basic/Info.plist;
				LD_RUNPATH_SEARCH_PATHS = (
					"$(inherited)",
					"@executable_path/Frameworks",
				);
				PRODUCT_BUNDLE_IDENTIFIER = "com.toanhn.-1-Basic";
				PRODUCT_NAME = "$(TARGET_NAME)";
				SWIFT_VERSION = 5.0;
				TARGETED_DEVICE_FAMILY = "1,2";
			};
			name = Debug;
		};
		A9515A1F23C19C63002E2195 /* Release */ = {
			isa = XCBuildConfiguration;
			buildSettings = {
				ASSETCATALOG_COMPILER_APPICON_NAME = AppIcon;
				CODE_SIGN_STYLE = Automatic;
				DEVELOPMENT_ASSET_PATHS = "\"01_Basic/Preview Content\"";
				ENABLE_PREVIEWS = YES;
				INFOPLIST_FILE = 01_Basic/Info.plist;
				LD_RUNPATH_SEARCH_PATHS = (
					"$(inherited)",
					"@executable_path/Frameworks",
				);
				PRODUCT_BUNDLE_IDENTIFIER = "com.toanhn.-1-Basic";
				PRODUCT_NAME = "$(TARGET_NAME)";
				SWIFT_VERSION = 5.0;
				TARGETED_DEVICE_FAMILY = "1,2";
			};
			name = Release;
		};
		A9515A2123C19C63002E2195 /* Debug */ = {
			isa = XCBuildConfiguration;
			buildSettings = {
				ALWAYS_EMBED_SWIFT_STANDARD_LIBRARIES = YES;
				BUNDLE_LOADER = "$(TEST_HOST)";
				CODE_SIGN_STYLE = Automatic;
				INFOPLIST_FILE = 01_BasicTests/Info.plist;
				IPHONEOS_DEPLOYMENT_TARGET = 13.1;
				LD_RUNPATH_SEARCH_PATHS = (
					"$(inherited)",
					"@executable_path/Frameworks",
					"@loader_path/Frameworks",
				);
				PRODUCT_BUNDLE_IDENTIFIER = "com.toanhn.-1-BasicTests";
				PRODUCT_NAME = "$(TARGET_NAME)";
				SWIFT_VERSION = 5.0;
				TARGETED_DEVICE_FAMILY = "1,2";
				TEST_HOST = "$(BUILT_PRODUCTS_DIR)/01_Basic.app/01_Basic";
			};
			name = Debug;
		};
		A9515A2223C19C63002E2195 /* Release */ = {
			isa = XCBuildConfiguration;
			buildSettings = {
				ALWAYS_EMBED_SWIFT_STANDARD_LIBRARIES = YES;
				BUNDLE_LOADER = "$(TEST_HOST)";
				CODE_SIGN_STYLE = Automatic;
				INFOPLIST_FILE = 01_BasicTests/Info.plist;
				IPHONEOS_DEPLOYMENT_TARGET = 13.1;
				LD_RUNPATH_SEARCH_PATHS = (
					"$(inherited)",
					"@executable_path/Frameworks",
					"@loader_path/Frameworks",
				);
				PRODUCT_BUNDLE_IDENTIFIER = "com.toanhn.-1-BasicTests";
				PRODUCT_NAME = "$(TARGET_NAME)";
				SWIFT_VERSION = 5.0;
				TARGETED_DEVICE_FAMILY = "1,2";
				TEST_HOST = "$(BUILT_PRODUCTS_DIR)/01_Basic.app/01_Basic";
			};
			name = Release;
		};
		A9515A2423C19C63002E2195 /* Debug */ = {
			isa = XCBuildConfiguration;
			buildSettings = {
				ALWAYS_EMBED_SWIFT_STANDARD_LIBRARIES = YES;
				CODE_SIGN_STYLE = Automatic;
				INFOPLIST_FILE = 01_BasicUITests/Info.plist;
				LD_RUNPATH_SEARCH_PATHS = (
					"$(inherited)",
					"@executable_path/Frameworks",
					"@loader_path/Frameworks",
				);
				PRODUCT_BUNDLE_IDENTIFIER = "com.toanhn.-1-BasicUITests";
				PRODUCT_NAME = "$(TARGET_NAME)";
				SWIFT_VERSION = 5.0;
				TARGETED_DEVICE_FAMILY = "1,2";
				TEST_TARGET_NAME = 01_Basic;
			};
			name = Debug;
		};
		A9515A2523C19C63002E2195 /* Release */ = {
			isa = XCBuildConfiguration;
			buildSettings = {
				ALWAYS_EMBED_SWIFT_STANDARD_LIBRARIES = YES;
				CODE_SIGN_STYLE = Automatic;
				INFOPLIST_FILE = 01_BasicUITests/Info.plist;
				LD_RUNPATH_SEARCH_PATHS = (
					"$(inherited)",
					"@executable_path/Frameworks",
					"@loader_path/Frameworks",
				);
				PRODUCT_BUNDLE_IDENTIFIER = "com.toanhn.-1-BasicUITests";
				PRODUCT_NAME = "$(TARGET_NAME)";
				SWIFT_VERSION = 5.0;
				TARGETED_DEVICE_FAMILY = "1,2";
				TEST_TARGET_NAME = 01_Basic;
			};
			name = Release;
		};
/* End XCBuildConfiguration section */

/* Begin XCConfigurationList section */
		A95159EE23C19C5F002E2195 /* Build configuration list for PBXProject "01_Basic" */ = {
			isa = XCConfigurationList;
			buildConfigurations = (
				A9515A1B23C19C63002E2195 /* Debug */,
				A9515A1C23C19C63002E2195 /* Release */,
			);
			defaultConfigurationIsVisible = 0;
			defaultConfigurationName = Release;
		};
		A9515A1D23C19C63002E2195 /* Build configuration list for PBXNativeTarget "01_Basic" */ = {
			isa = XCConfigurationList;
			buildConfigurations = (
				A9515A1E23C19C63002E2195 /* Debug */,
				A9515A1F23C19C63002E2195 /* Release */,
			);
			defaultConfigurationIsVisible = 0;
			defaultConfigurationName = Release;
		};
		A9515A2023C19C63002E2195 /* Build configuration list for PBXNativeTarget "01_BasicTests" */ = {
			isa = XCConfigurationList;
			buildConfigurations = (
				A9515A2123C19C63002E2195 /* Debug */,
				A9515A2223C19C63002E2195 /* Release */,
			);
			defaultConfigurationIsVisible = 0;
			defaultConfigurationName = Release;
		};
		A9515A2323C19C63002E2195 /* Build configuration list for PBXNativeTarget "01_BasicUITests" */ = {
			isa = XCConfigurationList;
			buildConfigurations = (
				A9515A2423C19C63002E2195 /* Debug */,
				A9515A2523C19C63002E2195 /* Release */,
			);
			defaultConfigurationIsVisible = 0;
			defaultConfigurationName = Release;
		};
/* End XCConfigurationList section */
	};
	rootObject = A95159EB23C19C5F002E2195 /* Project object */;
}
